Microsoft Visual Studio Solution File, Format Version 12.00
# Visual Studio Version 17
VisualStudioVersion = 17.5.2.0
MinimumVisualStudioVersion = 10.0.40219.1
Project("{FAE04EC0-301F-11D3-BF4B-00C04F79EFBC}") = "leetcodes", "leetcodes.csproj", "{A8260C41-1A98-D38E-35F2-0BBBDFAC9F2C}"
EndProject
Global
	GlobalSection(SolutionConfigurationPlatforms) = preSolution
		Debug|Any CPU = Debug|Any CPU
		Release|Any CPU = Release|Any CPU
	EndGlobalSection
	GlobalSection(ProjectConfigurationPlatforms) = postSolution
		{A8260C41-1A98-D38E-35F2-0BBBDFAC9F2C}.Debug|Any CPU.ActiveCfg = Debug|Any CPU
		{A8260C41-1A98-D38E-35F2-0BBBDFAC9F2C}.Debug|Any CPU.Build.0 = Debug|Any CPU
		{A8260C41-1A98-D38E-35F2-0BBBDFAC9F2C}.Release|Any CPU.ActiveCfg = Release|Any CPU
		{A8260C41-1A98-D38E-35F2-0BBBDFAC9F2C}.Release|Any CPU.Build.0 = Release|Any CPU
	EndGlobalSection
	GlobalSection(SolutionProperties) = preSolution
		HideSolutionNode = FALSE
	EndGlobalSection
	GlobalSection(ExtensibilityGlobals) = postSolution
		SolutionGuid = {290B010B-764D-4882-98F3-17D6DCEFE5D7}
	EndGlobalSection
EndGlobal
